
Microsoft Visual Studio Solution File, Format Version 12.00
# Visual Studio 15
VisualStudioVersion = 15.0.26124.0
MinimumVisualStudioVersion = 15.0.26124.0
Project("{FAE04EC0-301F-11D3-BF4B-00C04F79EFBC}") = "JWTS", "JWTS\JWTS.csproj", "{5F197309-7B44-4852-A598-5FD5860CD03C}"
EndProject
Global
	GlobalSection(SolutionConfigurationPlatforms) = preSolution
		Debug|Any CPU = Debug|Any CPU
		Debug|x64 = Debug|x64
		Debug|x86 = Debug|x86
		Release|Any CPU = Release|Any CPU
		Release|x64 = Release|x64
		Release|x86 = Release|x86
	EndGlobalSection
	GlobalSection(SolutionProperties) = preSolution
		HideSolutionNode = FALSE
	EndGlobalSection
	GlobalSection(ProjectConfigurationPlatforms) = postSolution
		{5F197309-7B44-4852-A598-5FD5860CD03C}.Debug|Any CPU.ActiveCfg = Debug|Any CPU
		{5F197309-7B44-4852-A598-5FD5860CD03C}.Debug|Any CPU.Build.0 = Debug|Any CPU
		{5F197309-7B44-4852-A598-5FD5860CD03C}.Debug|x64.ActiveCfg = Debug|Any CPU
		{5F197309-7B44-4852-A598-5FD5860CD03C}.Debug|x64.Build.0 = Debug|Any CPU
		{5F197309-7B44-4852-A598-5FD5860CD03C}.Debug|x86.ActiveCfg = Debug|Any CPU
		{5F197309-7B44-4852-A598-5FD5860CD03C}.Debug|x86.Build.0 = Debug|Any CPU
		{5F197309-7B44-4852-A598-5FD5860CD03C}.Release|Any CPU.ActiveCfg = Release|Any CPU
		{5F197309-7B44-4852-A598-5FD5860CD03C}.Release|Any CPU.Build.0 = Release|Any CPU
		{5F197309-7B44-4852-A598-5FD5860CD03C}.Release|x64.ActiveCfg = Release|Any CPU
		{5F197309-7B44-4852-A598-5FD5860CD03C}.Release|x64.Build.0 = Release|Any CPU
		{5F197309-7B44-4852-A598-5FD5860CD03C}.Release|x86.ActiveCfg = Release|Any CPU
		{5F197309-7B44-4852-A598-5FD5860CD03C}.Release|x86.Build.0 = Release|Any CPU
	EndGlobalSection
EndGlobal
